
Microsoft Visual Studio Solution File, Format Version 12.00
# Visual Studio Version 17
VisualStudioVersion = 17.11.35303.130
MinimumVisualStudioVersion = 10.0.40219.1
Project("{FAE04EC0-301F-11D3-BF4B-00C04F79EFBC}") = "MedicalRecordAutomation", "MedicalRecordAutomation\MedicalRecordAutomation.csproj", "{B75D7F3A-6ECC-4834-B873-6103556E2ACF}"
EndProject
Global
	GlobalSection(SolutionConfigurationPlatforms) = preSolution
		Debug|Any CPU = Debug|Any CPU
		Release|Any CPU = Release|Any CPU
	EndGlobalSection
	GlobalSection(ProjectConfigurationPlatforms) = postSolution
		{B75D7F3A-6ECC-4834-B873-6103556E2ACF}.Debug|Any CPU.ActiveCfg = Debug|Any CPU
		{B75D7F3A-6ECC-4834-B873-6103556E2ACF}.Debug|Any CPU.Build.0 = Debug|Any CPU
		{B75D7F3A-6ECC-4834-B873-6103556E2ACF}.Release|Any CPU.ActiveCfg = Release|Any CPU
		{B75D7F3A-6ECC-4834-B873-6103556E2ACF}.Release|Any CPU.Build.0 = Release|Any CPU
	EndGlobalSection
	GlobalSection(SolutionProperties) = preSolution
		HideSolutionNode = FALSE
	EndGlobalSection
	GlobalSection(ExtensibilityGlobals) = postSolution
		SolutionGuid = {F08FAD53-2265-44B1-88B6-49414A08BF5F}
	EndGlobalSection
EndGlobal
