
Microsoft Visual Studio Solution File, Format Version 12.00
# Visual Studio Version 17
VisualStudioVersion = 17.11.35303.130
MinimumVisualStudioVersion = 10.0.40219.1
Project("{FAE04EC0-301F-11D3-BF4B-00C04F79EFBC}") = "MedicalRecordAutomation", "MedicalRecordAutomation\MedicalRecordAutomation.csproj", "{0053CE88-D773-4949-83B6-316A601D3DE2}"
EndProject
Global
	GlobalSection(SolutionConfigurationPlatforms) = preSolution
		Debug|Any CPU = Debug|Any CPU
		Release|Any CPU = Release|Any CPU
	EndGlobalSection
	GlobalSection(ProjectConfigurationPlatforms) = postSolution
		{0053CE88-D773-4949-83B6-316A601D3DE2}.Debug|Any CPU.ActiveCfg = Debug|Any CPU
		{0053CE88-D773-4949-83B6-316A601D3DE2}.Debug|Any CPU.Build.0 = Debug|Any CPU
		{0053CE88-D773-4949-83B6-316A601D3DE2}.Release|Any CPU.ActiveCfg = Release|Any CPU
		{0053CE88-D773-4949-83B6-316A601D3DE2}.Release|Any CPU.Build.0 = Release|Any CPU
	EndGlobalSection
	GlobalSection(SolutionProperties) = preSolution
		HideSolutionNode = FALSE
	EndGlobalSection
	GlobalSection(ExtensibilityGlobals) = postSolution
		SolutionGuid = {90D1231A-CE60-4775-8034-E76E8FF3A9D1}
	EndGlobalSection
EndGlobal
